// !$*UTF8*$!
{
	archiveVersion = 1;
	classes = {
	};
	objectVersion = 46;
	objects = {

		36F900836473F29F68E8C99F = {isa = PBXBuildFile; fileRef = D8B18071E6DE10E26A5ECC8F; };
		AC20758BC96C03F5E7425EA4 = {isa = PBXBuildFile; fileRef = EA4C957742D7352267DFCBAF; };
		C87798DEA965D0D8C8E92E0F = {isa = PBXBuildFile; fileRef = BDB1E953657542EAD42CAB12; };
		89DAD2E555C285AA1C1EA9DF = {isa = PBXBuildFile; fileRef = EE38846F1B635FA67E230A23; };
		4A0A9F506417A19EAEBA5668 = {isa = PBXBuildFile; fileRef = 6F4985F3DBB804058DFC374F; };
		2FB465CF562DFD89A26AB7B6 = {isa = PBXBuildFile; fileRef = FB26705F8DD627A579B7EEFF; };
		D8D8D8CE4489F183EE94CF76 = {isa = PBXBuildFile; fileRef = 03E699911F39BF0C9C5B8998; };
		1B6DFD6EA71DAD36B8626C0F = {isa = PBXBuildFile; fileRef = 8618456E1570C6633C9083F4; };
		8422E582F6C94ADC6F0CA6EC = {isa = PBXBuildFile; fileRef = 66F3B59A13EBCFF41FE66F4D; };
		809F24B504DA512C7DA3B4EC = {isa = PBXBuildFile; fileRef = 890295C1359BD4539E53FAEA; };
		124819493C7B11BD19F99F2F = {isa = PBXBuildFile; fileRef = 56D2D9E55C21419E80A77008; };
		977B8714A2CCB36D3482063D = {isa = PBXBuildFile; fileRef = 243D0AA0A65E1A30358A9129; };
		6B7757F8BD0FCEA0BEE51F01 = {isa = PBXBuildFile; fileRef = AFCEC799C54A148E391407B9; };
		EA49CA9698A11D42A799E35F = {isa = PBXBuildFile; fileRef = 5386733F32B4C3A695EDAE28; };
		10B0CC26CD32A6C212DD0684 = {isa = PBXBuildFile; fileRef = E48C0102B75F42735CF4663D; };
		C5A8A1215F464E6404832E5E = {isa = PBXBuildFile; fileRef = 115112D7A9366A44F226E6E2; };
		6CBE4CABE77F4A1A23D7D756 = {isa = PBXBuildFile; fileRef = BB5B6B0CD3DA7BB22F88DFDE; };
		2FFD1E1A452CB9B4F3ED5A14 = {isa = PBXBuildFile; fileRef = 785186F0A49BEC242A445345; };
		63076224207B8552713B285E = {isa = PBXBuildFile; fileRef = CE59CF077CF59078637CCC78; };
		723F5B25AEFCC604EFF5627C = {isa = PBXBuildFile; fileRef = F80F01756BB2847D9FE5CCC2; };
		6678E3A0CA10A86EE1E166C8 = {isa = PBXBuildFile; fileRef = CA07F59539BB49FEFD15FFAF; };
		8F4E7033083977B4C8126FE0 = {isa = PBXBuildFile; fileRef = 2F8747898E4CEC5772573E51; };
		3335ADE478F61A44B039CFF3 = {isa = PBXBuildFile; fileRef = D5937DD3CB9CDBB93678092B; };
		290B124EBC2634F5A88722D2 = {isa = PBXBuildFile; fileRef = FE657D6E31B2EE8D17D86EA1; };
		E5EA1B61095A8DA812860C53 = {isa = PBXBuildFile; fileRef = B9C901AAF7A684C7DF340253; };
		A5F679ADA686C7C973B625BF = {isa = PBXBuildFile; fileRef = 96484A3BF924CA9B5F65943C; };
		99CA4CE86ABE4266A9373876 = {isa = PBXBuildFile; fileRef = 8A9C2284B9FC6193111AB091; };
		189C979F354DB8919BE42084 = {isa = PBXBuildFile; fileRef = 8D40196CFDA0B1258FC61E8B; };
		6209081E9DF9FBA0A2BA8F42 = {isa = PBXBuildFile; fileRef = 4A41DEC831CB153B9E74C55C; };
		10D3EC49B75B3E52368A764A = {isa = PBXBuildFile; fileRef = 8E79E363DAA8AAC3F6B9D79A; };
		280F7E949D18E40210499B1F = {isa = PBXBuildFile; fileRef = A6AB660EDCFC504931DD7BC7; };
		5E0F0AE396883A0E1BE3A28A = {isa = PBXBuildFile; fileRef = 2C95F21D2B05CD065B3E82FA; };
		13BD14E90057B852BCC9352B = {isa = PBXBuildFile; fileRef = 1606BE858D0C163107A89151; };
		3ACF9A84FEB385D2A3640FD3 = {isa = PBXBuildFile; fileRef = 8AD43924E9F866917D203F39; };
		285C948F29D9656CD4C51AF3 = {isa = PBXBuildFile; fileRef = BEE22361D0AA0A22D0988AAC; };
		FDE7D48A8616561AA29EEE33 = {isa = PBXBuildFile; fileRef = A9730702A13A31B61782F232; };
		C6DD5701CE5AC91DE8408ED8 = {isa = PBXBuildFile; fileRef = 0A753E95ABF3A8A2C3911D23; };
		8C6B11A93F16486EED0D3C0C = {isa = PBXBuildFile; fileRef = D2D1CFC2C1F5EEEA9AAE8044; };
		05958AC60294C1CA8B75833D = {isa = PBXBuildFile; fileRef = 29B29D38FAB07C756B70023B; };
		5ABCE92536A0DC41B9A1A4BB = {isa = PBXBuildFile; fileRef = D76CD53A149C37C3B2167648; };
		5A6B75D7813E513385463545 = {isa = PBXBuildFile; fileRef = B85E1941A80AB9ACB6E43ADC; };
		9470839A56CCCC4C6F97DF28 = {isa = PBXBuildFile; fileRef = E7D9EC6AEB37C60646306BE4; };
		EF18BC81D13C5C9860C2DAC9 = {isa = PBXBuildFile; fileRef = 2CBED0F984A79B10CB36A6C3; };
		6B9694B3C791CBF4B126A382 = {isa = PBXBuildFile; fileRef = 5E4239C90D4F6354B02A78F4; };
		CAF4E892558BFB3DBA1694A2 = {isa = PBXBuildFile; fileRef = E626DD2D1DA1225AEC1B78A0; };
		506CC5448EC5FEBF64E4335C = {isa = PBXBuildFile; fileRef = F22AC312CCC9034D4FF8CCC8; };
		BC6A900A74A8816339EDC48F = {isa = PBXBuildFile; fileRef = 274B91BA85E36D84E8ABC792; };
		06FFFED5A95205B4133A54DC = {isa = PBXBuildFile; fileRef = B9669A390E4C34647C563FDB; };
		E580E87FB41533BD53CDB312 = {isa = PBXBuildFile; fileRef = 037A9517F310E7514BF89662; };
		F775F7416DC70F4298996AE7 = {isa = PBXBuildFile; fileRef = F635EB3D81ADF69324161A07; };
		037A9517F310E7514BF89662 = {isa = PBXFileReference; lastKnownFileType = sourcecode.cpp.objcpp; name = "include_juce_gui_extra.mm"; path = "../../JuceLibraryCode/include_juce_gui_extra.mm"; sourceTree = "SOURCE_ROOT"; };
		03E699911F39BF0C9C5B8998 = {isa = PBXFileReference; lastKnownFileType = wrapper.framework; name = CoreMIDI.framework; path = System/Library/Frameworks/CoreMIDI.framework; sourceTree = SDKROOT; };
		0584C8993DDF552FA2B3BE93 = {isa = PBXFileReference; lastKnownFileType = file; name = "juce_graphics"; path = "../../JuceLibraryCode/modules/juce_graphics"; sourceTree = "SOURCE_ROOT"; };
		0A753E95ABF3A8A2C3911D23 = {isa = PBXFileReference; lastKnownFileType = sourcecode.cpp.cpp; name = Main.cpp; path = ../../Source/Main.cpp; sourceTree = "SOURCE_ROOT"; };
		0BE9678C127C3220A4889DB0 = {isa = PBXFileReference; lastKnownFileType = sourcecode.c.h; name = SharedMemory.h; path = ../../Source/Processes/SharedMemory.h; sourceTree = "SOURCE_ROOT"; };
		115112D7A9366A44F226E6E2 = {isa = PBXFileReference; lastKnownFileType = sourcecode.cpp.cpp; name = ChildAudioComponent.cpp; path = ../../Source/Processes/ChildAudioComponent.cpp; sourceTree = "SOURCE_ROOT"; };
		13223C7DFAD9E79B7D2CD904 = {isa = PBXFileReference; lastKnownFileType = sourcecode.c.h; name = SharedLock.h; path = ../../Source/Processes/SharedLock.h; sourceTree = "SOURCE_ROOT"; };
		1606BE858D0C163107A89151 = {isa = PBXFileReference; lastKnownFileType = sourcecode.cpp.cpp; name = SoloButton.cpp; path = ../../Source/UI/SoloButton.cpp; sourceTree = "SOURCE_ROOT"; };
		188E9FEE2B6664EB1CF2B43B = {isa = PBXFileReference; lastKnownFileType = sourcecode.c.h; name = AbstractHeelpApplication.h; path = ../../Source/AbstractHeelpApplication.h; sourceTree = "SOURCE_ROOT"; };
		1AED075AC8328A862FC29DBD = {isa = PBXFileReference; lastKnownFileType = sourcecode.c.h; name = AudioSlaveProcess.h; path = ../../Source/Processes/AudioSlaveProcess.h; sourceTree = "SOURCE_ROOT"; };
		1DA70D411CE0ECBB06BEC4FD = {isa = PBXFileReference; lastKnownFileType = file; name = "juce_core"; path = "../../JuceLibraryCode/modules/juce_core"; sourceTree = "SOURCE_ROOT"; };
		1E31053CE06D6FF96163D72B = {isa = PBXFileReference; lastKnownFileType = file; name = "juce_audio_utils"; path = "../../JuceLibraryCode/modules/juce_audio_utils"; sourceTree = "SOURCE_ROOT"; };
		1E4B1C3B3D642C8D7141D6BD = {isa = PBXFileReference; lastKnownFileType = file.ttf; name = "DejaVuSansMono-Bold.ttf"; path = "../../Resources/dejavu-fonts-ttf-2.37/ttf/DejaVuSansMono-Bold.ttf"; sourceTree = "SOURCE_ROOT"; };
		243D0AA0A65E1A30358A9129 = {isa = PBXFileReference; lastKnownFileType = file.nib; name = RecentFilesMenuTemplate.nib; path = RecentFilesMenuTemplate.nib; sourceTree = "SOURCE_ROOT"; };
		274B91BA85E36D84E8ABC792 = {isa = PBXFileReference; lastKnownFileType = sourcecode.cpp.objcpp; name = "include_juce_graphics.mm"; path = "../../JuceLibraryCode/include_juce_graphics.mm"; sourceTree = "SOURCE_ROOT"; };
		27E0154901CC46A997ECEF9C = {isa = PBXFileReference; lastKnownFileType = sourcecode.c.h; name = HeelpLogger.h; path = ../../Source/HeelpLogger.h; sourceTree = "SOURCE_ROOT"; };
		29B29D38FAB07C756B70023B = {isa = PBXFileReference; lastKnownFileType = sourcecode.cpp.objcpp; name = "include_juce_audio_basics.mm"; path = "../../JuceLibraryCode/include_juce_audio_basics.mm"; sourceTree = "SOURCE_ROOT"; };
		2C95F21D2B05CD065B3E82FA = {isa = PBXFileReference; lastKnownFileType = sourcecode.cpp.cpp; name = PluginsComponent.cpp; path = ../../Source/UI/PluginsComponent.cpp; sourceTree = "SOURCE_ROOT"; };
		2CBED0F984A79B10CB36A6C3 = {isa = PBXFileReference; lastKnownFileType = sourcecode.cpp.objcpp; name = "include_juce_audio_utils.mm"; path = "../../JuceLibraryCode/include_juce_audio_utils.mm"; sourceTree = "SOURCE_ROOT"; };
		2ED01D89D7B4C58AC3D780CA = {isa = PBXFileReference; lastKnownFileType = sourcecode.c.h; name = MainAudioComponent.h; path = ../../Source/Processes/MainAudioComponent.h; sourceTree = "SOURCE_ROOT"; };
		2F330CC56E20E0F718E2A05F = {isa = PBXFileReference; lastKnownFileType = sourcecode.c.h; name = SoloButton.h; path = ../../Source/UI/SoloButton.h; sourceTree = "SOURCE_ROOT"; };
		2F8747898E4CEC5772573E51 = {isa = PBXFileReference; lastKnownFileType = sourcecode.cpp.cpp; name = HeelpThreadsApplication.cpp; path = ../../Source/Threads/HeelpThreadsApplication.cpp; sourceTree = "SOURCE_ROOT"; };
		30D80A86F323FED8EF6E3D11 = {isa = PBXFileReference; lastKnownFileType = sourcecode.c.h; name = JuceHeader.h; path = ../../JuceLibraryCode/JuceHeader.h; sourceTree = "SOURCE_ROOT"; };
		3C908DC46764651AF99BCC9D = {isa = PBXFileReference; lastKnownFileType = sourcecode.c.h; name = VolumeFader.h; path = ../../Source/UI/VolumeFader.h; sourceTree = "SOURCE_ROOT"; };
		43ABAD67E2E962ED10C78713 = {isa = PBXFileReference; lastKnownFileType = file.ttf; name = "DejaVuSans-Bold.ttf"; path = "../../Resources/dejavu-fonts-ttf-2.37/ttf/DejaVuSans-Bold.ttf"; sourceTree = "SOURCE_ROOT"; };
		4A32F77AB110CD9BF0AB3061 = {isa = PBXFileReference; lastKnownFileType = sourcecode.c.h; name = AudioProcessMessageTypes.h; path = ../../Source/Processes/AudioProcessMessageTypes.h; sourceTree = "SOURCE_ROOT"; };
		4A41DEC831CB153B9E74C55C = {isa = PBXFileReference; lastKnownFileType = sourcecode.cpp.cpp; name = MainWindow.cpp; path = ../../Source/UI/MainWindow.cpp; sourceTree = "SOURCE_ROOT"; };
		5386733F32B4C3A695EDAE28 = {isa = PBXFileReference; lastKnownFileType = sourcecode.cpp.cpp; name = AudioProcessMessageUtils.cpp; path = ../../Source/Processes/AudioProcessMessageUtils.cpp; sourceTree = "SOURCE_ROOT"; };
		56D2D9E55C21419E80A77008 = {isa = PBXFileReference; lastKnownFileType = wrapper.framework; name = WebKit.framework; path = System/Library/Frameworks/WebKit.framework; sourceTree = SDKROOT; };
		5B1D075039606ECDCE742886 = {isa = PBXFileReference; lastKnownFileType = sourcecode.c.h; name = HeelpApplication.h; path = ../../Source/HeelpApplication.h; sourceTree = "SOURCE_ROOT"; };
		5BFC069942775F647DD96D1E = {isa = PBXFileReference; lastKnownFileType = file; name = "juce_events"; path = "../../JuceLibraryCode/modules/juce_events"; sourceTree = "SOURCE_ROOT"; };
		5E4239C90D4F6354B02A78F4 = {isa = PBXFileReference; lastKnownFileType = sourcecode.cpp.objcpp; name = "include_juce_core.mm"; path = "../../JuceLibraryCode/include_juce_core.mm"; sourceTree = "SOURCE_ROOT"; };
		5FBB5D5C018C5518F7E4D413 = {isa = PBXFileReference; lastKnownFileType = file.ttf; name = DejaVuSans.ttf; path = "../../Resources/dejavu-fonts-ttf-2.37/ttf/DejaVuSans.ttf"; sourceTree = "SOURCE_ROOT"; };
		640E33B6F22BB0A93968B86B = {isa = PBXFileReference; lastKnownFileType = sourcecode.c.h; name = AudioMasterProcess.h; path = ../../Source/Processes/AudioMasterProcess.h; sourceTree = "SOURCE_ROOT"; };
		66F3B59A13EBCFF41FE66F4D = {isa = PBXFileReference; lastKnownFileType = wrapper.framework; name = IOKit.framework; path = System/Library/Frameworks/IOKit.framework; sourceTree = SDKROOT; };
		6D064E057203303D18E10243 = {isa = PBXFileReference; lastKnownFileType = file; name = "juce_audio_devices"; path = "../../JuceLibraryCode/modules/juce_audio_devices"; sourceTree = "SOURCE_ROOT"; };
		6F4985F3DBB804058DFC374F = {isa = PBXFileReference; lastKnownFileType = wrapper.framework; name = Cocoa.framework; path = System/Library/Frameworks/Cocoa.framework; sourceTree = SDKROOT; };
		75382F48C7640C2E3DA535DD = {isa = PBXFileReference; lastKnownFileType = sourcecode.c.h; name = AudioProcessMessageUtils.h; path = ../../Source/Processes/AudioProcessMessageUtils.h; sourceTree = "SOURCE_ROOT"; };
		785186F0A49BEC242A445345 = {isa = PBXFileReference; lastKnownFileType = sourcecode.cpp.cpp; name = HeelpProcessesMainApplication.cpp; path = ../../Source/Processes/HeelpProcessesMainApplication.cpp; sourceTree = "SOURCE_ROOT"; };
		787A8FEF85ACB8BB430D3E3F = {isa = PBXFileReference; lastKnownFileType = sourcecode.c.h; name = HEELPLookAndFeel.h; path = ../../Source/UI/HEELPLookAndFeel.h; sourceTree = "SOURCE_ROOT"; };
		7F26237908888B88DEAC9016 = {isa = PBXFileReference; lastKnownFileType = sourcecode.c.h; name = CommandIDs.h; path = ../../Source/UI/CommandIDs.h; sourceTree = "SOURCE_ROOT"; };
		81EC22B59749947CBC764A80 = {isa = PBXFileReference; lastKnownFileType = text.plist.xml; name = "Info-App.plist"; path = "Info-App.plist"; sourceTree = "SOURCE_ROOT"; };
		8618456E1570C6633C9083F4 = {isa = PBXFileReference; lastKnownFileType = wrapper.framework; name = DiscRecording.framework; path = System/Library/Frameworks/DiscRecording.framework; sourceTree = SDKROOT; };
		87B802B0D390B75DC6C0AB18 = {isa = PBXFileReference; lastKnownFileType = sourcecode.c.h; name = ChildAudioComponent.h; path = ../../Source/Processes/ChildAudioComponent.h; sourceTree = "SOURCE_ROOT"; };
		890295C1359BD4539E53FAEA = {isa = PBXFileReference; lastKnownFileType = wrapper.framework; name = QuartzCore.framework; path = System/Library/Frameworks/QuartzCore.framework; sourceTree = SDKROOT; };
		8A9C2284B9FC6193111AB091 = {isa = PBXFileReference; lastKnownFileType = sourcecode.cpp.cpp; name = HEELPLookAndFeel.cpp; path = ../../Source/UI/HEELPLookAndFeel.cpp; sourceTree = "SOURCE_ROOT"; };
		8AD43924E9F866917D203F39 = {isa = PBXFileReference; lastKnownFileType = sourcecode.cpp.cpp; name = VolumeFader.cpp; path = ../../Source/UI/VolumeFader.cpp; sourceTree = "SOURCE_ROOT"; };
		8D40196CFDA0B1258FC61E8B = {isa = PBXFileReference; lastKnownFileType = sourcecode.cpp.cpp; name = MainContentComponent.cpp; path = ../../Source/UI/MainContentComponent.cpp; sourceTree = "SOURCE_ROOT"; };
		8E1B33FC3BE0E99B936421C1 = {isa = PBXFileReference; lastKnownFileType = sourcecode.c.h; name = ChannelStrip.h; path = ../../Source/UI/ChannelStrip.h; sourceTree = "SOURCE_ROOT"; };
		8E79E363DAA8AAC3F6B9D79A = {isa = PBXFileReference; lastKnownFileType = sourcecode.cpp.cpp; name = MuteButton.cpp; path = ../../Source/UI/MuteButton.cpp; sourceTree = "SOURCE_ROOT"; };
		9075D60437BE12748E79D570 = {isa = PBXFileReference; lastKnownFileType = sourcecode.c.h; name = ChannelFader.h; path = ../../Source/UI/ChannelFader.h; sourceTree = "SOURCE_ROOT"; };
		91FCD22D7EE8C9B87F7C3216 = {isa = PBXFileReference; lastKnownFileType = file; name = "juce_audio_basics"; path = "../../JuceLibraryCode/modules/juce_audio_basics"; sourceTree = "SOURCE_ROOT"; };
		92C09A8D87BDD91FA6158C5D = {isa = PBXFileReference; lastKnownFileType = sourcecode.c.h; name = Utils.h; path = ../../Source/Utils.h; sourceTree = "SOURCE_ROOT"; };
		943D3930D26E9AF2E848EC90 = {isa = PBXFileReference; lastKnownFileType = file.md; name = README.md; path = ../../README.md; sourceTree = "SOURCE_ROOT"; };
		96484A3BF924CA9B5F65943C = {isa = PBXFileReference; lastKnownFileType = sourcecode.cpp.cpp; name = Dialog.cpp; path = ../../Source/UI/Dialog.cpp; sourceTree = "SOURCE_ROOT"; };
		9BA74D87CB02C4D889588ADE = {isa = PBXFileReference; lastKnownFileType = sourcecode.c.h; name = MuteButton.h; path = ../../Source/UI/MuteButton.h; sourceTree = "SOURCE_ROOT"; };
		9C2D623CB0E218D54225C06E = {isa = PBXFileReference; lastKnownFileType = file.ttf; name = DejaVuSansMono.ttf; path = "../../Resources/dejavu-fonts-ttf-2.37/ttf/DejaVuSansMono.ttf"; sourceTree = "SOURCE_ROOT"; };
		A6AB660EDCFC504931DD7BC7 = {isa = PBXFileReference; lastKnownFileType = sourcecode.cpp.cpp; name = PanFader.cpp; path = ../../Source/UI/PanFader.cpp; sourceTree = "SOURCE_ROOT"; };
		A826A0DA8CDE1BDC47D54BAF = {isa = PBXFileReference; lastKnownFileType = sourcecode.c.h; name = PluginsComponent.h; path = ../../Source/UI/PluginsComponent.h; sourceTree = "SOURCE_ROOT"; };
		A885495CEA2EC9E6AB6DD0C3 = {isa = PBXFileReference; lastKnownFileType = file; name = "juce_audio_processors"; path = "../../JuceLibraryCode/modules/juce_audio_processors"; sourceTree = "SOURCE_ROOT"; };
		A9730702A13A31B61782F232 = {isa = PBXFileReference; lastKnownFileType = sourcecode.cpp.cpp; name = HeelpLogger.cpp; path = ../../Source/HeelpLogger.cpp; sourceTree = "SOURCE_ROOT"; };
		AFCEC799C54A148E391407B9 = {isa = PBXFileReference; lastKnownFileType = sourcecode.cpp.cpp; name = AudioMasterProcess.cpp; path = ../../Source/Processes/AudioMasterProcess.cpp; sourceTree = "SOURCE_ROOT"; };
		B10EB3E4ED2FE8A882E481B9 = {isa = PBXFileReference; lastKnownFileType = sourcecode.c.h; name = PanFader.h; path = ../../Source/UI/PanFader.h; sourceTree = "SOURCE_ROOT"; };
		B4E3DA73DCD0A1B8B0392A2C = {isa = PBXFileReference; lastKnownFileType = sourcecode.c.h; name = Dialog.h; path = ../../Source/UI/Dialog.h; sourceTree = "SOURCE_ROOT"; };
		B85E1941A80AB9ACB6E43ADC = {isa = PBXFileReference; lastKnownFileType = sourcecode.cpp.objcpp; name = "include_juce_audio_formats.mm"; path = "../../JuceLibraryCode/include_juce_audio_formats.mm"; sourceTree = "SOURCE_ROOT"; };
		B9669A390E4C34647C563FDB = {isa = PBXFileReference; lastKnownFileType = sourcecode.cpp.objcpp; name = "include_juce_gui_basics.mm"; path = "../../JuceLibraryCode/include_juce_gui_basics.mm"; sourceTree = "SOURCE_ROOT"; };
		B9C901AAF7A684C7DF340253 = {isa = PBXFileReference; lastKnownFileType = sourcecode.cpp.cpp; name = ChannelStrip.cpp; path = ../../Source/UI/ChannelStrip.cpp; sourceTree = "SOURCE_ROOT"; };
		BB5B6B0CD3DA7BB22F88DFDE = {isa = PBXFileReference; lastKnownFileType = sourcecode.cpp.cpp; name = HeelpProcessesChildApplication.cpp; path = ../../Source/Processes/HeelpProcessesChildApplication.cpp; sourceTree = "SOURCE_ROOT"; };
		BDB1E953657542EAD42CAB12 = {isa = PBXFileReference; lastKnownFileType = wrapper.framework; name = AudioToolbox.framework; path = System/Library/Frameworks/AudioToolbox.framework; sourceTree = SDKROOT; };
		BE09B743FB94084AF1E9CECC = {isa = PBXFileReference; lastKnownFileType = file.md; name = COPYING.md; path = ../../COPYING.md; sourceTree = "SOURCE_ROOT"; };
		BEE22361D0AA0A22D0988AAC = {isa = PBXFileReference; lastKnownFileType = sourcecode.cpp.cpp; name = HeelpApplication.cpp; path = ../../Source/HeelpApplication.cpp; sourceTree = "SOURCE_ROOT"; };
		C68535A1323E9250E748E755 = {isa = PBXFileReference; lastKnownFileType = sourcecode.c.h; name = BinaryData.h; path = ../../JuceLibraryCode/BinaryData.h; sourceTree = "SOURCE_ROOT"; };
		CA07F59539BB49FEFD15FFAF = {isa = PBXFileReference; lastKnownFileType = sourcecode.cpp.cpp; name = SharedMemory.cpp; path = ../../Source/Processes/SharedMemory.cpp; sourceTree = "SOURCE_ROOT"; };
		CE59CF077CF59078637CCC78 = {isa = PBXFileReference; lastKnownFileType = sourcecode.cpp.cpp; name = MainAudioComponent.cpp; path = ../../Source/Processes/MainAudioComponent.cpp; sourceTree = "SOURCE_ROOT"; };
		CF014C0346CDF9EB80138D1B = {isa = PBXFileReference; lastKnownFileType = sourcecode.c.h; name = HeelpThreadsApplication.h; path = ../../Source/Threads/HeelpThreadsApplication.h; sourceTree = "SOURCE_ROOT"; };
		D15C4B8CD5EEFD5E22689390 = {isa = PBXFileReference; lastKnownFileType = sourcecode.c.h; name = MainContentComponent.h; path = ../../Source/UI/MainContentComponent.h; sourceTree = "SOURCE_ROOT"; };
		D27861F9CCC919D44A1F8FA5 = {isa = PBXFileReference; lastKnownFileType = file; name = "juce_osc"; path = "../../JuceLibraryCode/modules/juce_osc"; sourceTree = "SOURCE_ROOT"; };
		D2D1CFC2C1F5EEEA9AAE8044 = {isa = PBXFileReference; lastKnownFileType = sourcecode.cpp.cpp; name = BinaryData.cpp; path = ../../JuceLibraryCode/BinaryData.cpp; sourceTree = "SOURCE_ROOT"; };
		D5937DD3CB9CDBB93678092B = {isa = PBXFileReference; lastKnownFileType = sourcecode.cpp.cpp; name = AboutComponent.cpp; path = ../../Source/UI/AboutComponent.cpp; sourceTree = "SOURCE_ROOT"; };
		D76CD53A149C37C3B2167648 = {isa = PBXFileReference; lastKnownFileType = sourcecode.cpp.objcpp; name = "include_juce_audio_devices.mm"; path = "../../JuceLibraryCode/include_juce_audio_devices.mm"; sourceTree = "SOURCE_ROOT"; };
		D8B18071E6DE10E26A5ECC8F = {isa = PBXFileReference; explicitFileType = wrapper.application; includeInIndex = 0; path = HEELP.app; sourceTree = "BUILT_PRODUCTS_DIR"; };
		DCE64650774BB6DD26C19528 = {isa = PBXFileReference; lastKnownFileType = file; name = "juce_gui_extra"; path = "../../JuceLibraryCode/modules/juce_gui_extra"; sourceTree = "SOURCE_ROOT"; };
		E0C18023004855370E567CDB = {isa = PBXFileReference; lastKnownFileType = sourcecode.c.h; name = HeelpProcessesMainApplication.h; path = ../../Source/Processes/HeelpProcessesMainApplication.h; sourceTree = "SOURCE_ROOT"; };
		E1F2716B967431306ADCA931 = {isa = PBXFileReference; lastKnownFileType = sourcecode.c.h; name = ChildAudioState.h; path = ../../Source/Processes/ChildAudioState.h; sourceTree = "SOURCE_ROOT"; };
		E48C0102B75F42735CF4663D = {isa = PBXFileReference; lastKnownFileType = sourcecode.cpp.cpp; name = AudioSlaveProcess.cpp; path = ../../Source/Processes/AudioSlaveProcess.cpp; sourceTree = "SOURCE_ROOT"; };
		E626DD2D1DA1225AEC1B78A0 = {isa = PBXFileReference; lastKnownFileType = sourcecode.cpp.objcpp; name = "include_juce_data_structures.mm"; path = "../../JuceLibraryCode/include_juce_data_structures.mm"; sourceTree = "SOURCE_ROOT"; };
		E7D9EC6AEB37C60646306BE4 = {isa = PBXFileReference; lastKnownFileType = sourcecode.cpp.objcpp; name = "include_juce_audio_processors.mm"; path = "../../JuceLibraryCode/include_juce_audio_processors.mm"; sourceTree = "SOURCE_ROOT"; };
		E959B7FFBBE34CB8AC36D2E1 = {isa = PBXFileReference; lastKnownFileType = sourcecode.c.h; name = HeelpProcessesChildApplication.h; path = ../../Source/Processes/HeelpProcessesChildApplication.h; sourceTree = "SOURCE_ROOT"; };
		EA4C957742D7352267DFCBAF = {isa = PBXFileReference; lastKnownFileType = wrapper.framework; name = Accelerate.framework; path = System/Library/Frameworks/Accelerate.framework; sourceTree = SDKROOT; };
		EBB7AAF515D0EE11C5DBA784 = {isa = PBXFileReference; lastKnownFileType = sourcecode.c.h; name = AboutComponent.h; path = ../../Source/UI/AboutComponent.h; sourceTree = "SOURCE_ROOT"; };
		EBF41E36185A97514B284800 = {isa = PBXFileReference; lastKnownFileType = file; name = "juce_data_structures"; path = "../../JuceLibraryCode/modules/juce_data_structures"; sourceTree = "SOURCE_ROOT"; };
		EE38846F1B635FA67E230A23 = {isa = PBXFileReference; lastKnownFileType = wrapper.framework; name = Carbon.framework; path = System/Library/Frameworks/Carbon.framework; sourceTree = SDKROOT; };
		F0E98BE0FD955F33B864AD8C = {isa = PBXFileReference; lastKnownFileType = sourcecode.c.h; name = MainWindow.h; path = ../../Source/UI/MainWindow.h; sourceTree = "SOURCE_ROOT"; };
		F17998FB6EB3AFFC31F4BCDA = {isa = PBXFileReference; lastKnownFileType = sourcecode.c.h; name = AppConfig.h; path = ../../JuceLibraryCode/AppConfig.h; sourceTree = "SOURCE_ROOT"; };
		F22AC312CCC9034D4FF8CCC8 = {isa = PBXFileReference; lastKnownFileType = sourcecode.cpp.objcpp; name = "include_juce_events.mm"; path = "../../JuceLibraryCode/include_juce_events.mm"; sourceTree = "SOURCE_ROOT"; };
		F635EB3D81ADF69324161A07 = {isa = PBXFileReference; lastKnownFileType = sourcecode.cpp.cpp; name = "include_juce_osc.cpp"; path = "../../JuceLibraryCode/include_juce_osc.cpp"; sourceTree = "SOURCE_ROOT"; };
		F732E27C89306E43013B2778 = {isa = PBXFileReference; lastKnownFileType = file.md; name = CONTRIBUTORS.md; path = ../../CONTRIBUTORS.md; sourceTree = "SOURCE_ROOT"; };
		F80F01756BB2847D9FE5CCC2 = {isa = PBXFileReference; lastKnownFileType = sourcecode.cpp.cpp; name = SharedLock.cpp; path = ../../Source/Processes/SharedLock.cpp; sourceTree = "SOURCE_ROOT"; };
		F8BE0D2508A95B6328D8502B = {isa = PBXFileReference; lastKnownFileType = file; name = "juce_gui_basics"; path = "../../JuceLibraryCode/modules/juce_gui_basics"; sourceTree = "SOURCE_ROOT"; };
		FB26705F8DD627A579B7EEFF = {isa = PBXFileReference; lastKnownFileType = wrapper.framework; name = CoreAudio.framework; path = System/Library/Frameworks/CoreAudio.framework; sourceTree = SDKROOT; };
		FC1090346C3F441B724F57F0 = {isa = PBXFileReference; lastKnownFileType = file.md; name = BUILDNOTES.md; path = ../../BUILDNOTES.md; sourceTree = "SOURCE_ROOT"; };
		FC59DDC0EA79042020D2F661 = {isa = PBXFileReference; lastKnownFileType = file; name = "juce_audio_formats"; path = "../../JuceLibraryCode/modules/juce_audio_formats"; sourceTree = "SOURCE_ROOT"; };
		FE657D6E31B2EE8D17D86EA1 = {isa = PBXFileReference; lastKnownFileType = sourcecode.cpp.cpp; name = ChannelFader.cpp; path = ../../Source/UI/ChannelFader.cpp; sourceTree = "SOURCE_ROOT"; };
		C3A1D42038074136DA4EF28C = {isa = PBXGroup; children = (
					AFCEC799C54A148E391407B9,
					640E33B6F22BB0A93968B86B,
					4A32F77AB110CD9BF0AB3061,
					5386733F32B4C3A695EDAE28,
					75382F48C7640C2E3DA535DD,
					E48C0102B75F42735CF4663D,
					1AED075AC8328A862FC29DBD,
					115112D7A9366A44F226E6E2,
					87B802B0D390B75DC6C0AB18,
					E1F2716B967431306ADCA931,
					BB5B6B0CD3DA7BB22F88DFDE,
					E959B7FFBBE34CB8AC36D2E1,
					785186F0A49BEC242A445345,
					E0C18023004855370E567CDB,
					CE59CF077CF59078637CCC78,
					2ED01D89D7B4C58AC3D780CA,
					F80F01756BB2847D9FE5CCC2,
					13223C7DFAD9E79B7D2CD904,
					CA07F59539BB49FEFD15FFAF,
					0BE9678C127C3220A4889DB0, ); name = Processes; sourceTree = "<group>"; };
		301661670EDB47B529356729 = {isa = PBXGroup; children = (
					2F8747898E4CEC5772573E51,
					CF014C0346CDF9EB80138D1B, ); name = Threads; sourceTree = "<group>"; };
		FE999A2BBD5DF670BA1353B2 = {isa = PBXGroup; children = (
					D5937DD3CB9CDBB93678092B,
					EBB7AAF515D0EE11C5DBA784,
					FE657D6E31B2EE8D17D86EA1,
					9075D60437BE12748E79D570,
					B9C901AAF7A684C7DF340253,
					8E1B33FC3BE0E99B936421C1,
					7F26237908888B88DEAC9016,
					96484A3BF924CA9B5F65943C,
					B4E3DA73DCD0A1B8B0392A2C,
					8A9C2284B9FC6193111AB091,
					787A8FEF85ACB8BB430D3E3F,
					8D40196CFDA0B1258FC61E8B,
					D15C4B8CD5EEFD5E22689390,
					4A41DEC831CB153B9E74C55C,
					F0E98BE0FD955F33B864AD8C,
					8E79E363DAA8AAC3F6B9D79A,
					9BA74D87CB02C4D889588ADE,
					A6AB660EDCFC504931DD7BC7,
					B10EB3E4ED2FE8A882E481B9,
					2C95F21D2B05CD065B3E82FA,
					A826A0DA8CDE1BDC47D54BAF,
					1606BE858D0C163107A89151,
					2F330CC56E20E0F718E2A05F,
					8AD43924E9F866917D203F39,
					3C908DC46764651AF99BCC9D, ); name = UI; sourceTree = "<group>"; };
		8C9B86B3B33469ECF4557018 = {isa = PBXGroup; children = (
					C3A1D42038074136DA4EF28C,
					301661670EDB47B529356729,
					FE999A2BBD5DF670BA1353B2,
					BEE22361D0AA0A22D0988AAC,
					5B1D075039606ECDCE742886,
					188E9FEE2B6664EB1CF2B43B,
					A9730702A13A31B61782F232,
					27E0154901CC46A997ECEF9C,
					0A753E95ABF3A8A2C3911D23,
					92C09A8D87BDD91FA6158C5D, ); name = Source; sourceTree = "<group>"; };
		0F1E11401A6E0100512A3303 = {isa = PBXGroup; children = (
					FC1090346C3F441B724F57F0,
					F732E27C89306E43013B2778,
					BE09B743FB94084AF1E9CECC,
					943D3930D26E9AF2E848EC90, ); name = Info; sourceTree = "<group>"; };
		6FCDB1D9E5148FF288E95273 = {isa = PBXGroup; children = (
					43ABAD67E2E962ED10C78713,
					5FBB5D5C018C5518F7E4D413,
					1E4B1C3B3D642C8D7141D6BD,
					9C2D623CB0E218D54225C06E, ); name = Fonts; sourceTree = "<group>"; };
		A933A53172D2A02406CC32A0 = {isa = PBXGroup; children = (
					6FCDB1D9E5148FF288E95273, ); name = Resources; sourceTree = "<group>"; };
		E5DF230FA943CF4AA702B476 = {isa = PBXGroup; children = (
					8C9B86B3B33469ECF4557018,
					0F1E11401A6E0100512A3303,
					A933A53172D2A02406CC32A0, ); name = HEELP; sourceTree = "<group>"; };
		98D0E0B4CBE88ED0447AB9D6 = {isa = PBXGroup; children = (
					91FCD22D7EE8C9B87F7C3216,
					6D064E057203303D18E10243,
					FC59DDC0EA79042020D2F661,
					A885495CEA2EC9E6AB6DD0C3,
					1E31053CE06D6FF96163D72B,
					1DA70D411CE0ECBB06BEC4FD,
					EBF41E36185A97514B284800,
					5BFC069942775F647DD96D1E,
					0584C8993DDF552FA2B3BE93,
					F8BE0D2508A95B6328D8502B,
					DCE64650774BB6DD26C19528,
					D27861F9CCC919D44A1F8FA5, ); name = "Juce Modules"; sourceTree = "<group>"; };
		70D05D79B206721B1A9E5C46 = {isa = PBXGroup; children = (
					F17998FB6EB3AFFC31F4BCDA,
					D2D1CFC2C1F5EEEA9AAE8044,
					C68535A1323E9250E748E755,
					29B29D38FAB07C756B70023B,
					D76CD53A149C37C3B2167648,
					B85E1941A80AB9ACB6E43ADC,
					E7D9EC6AEB37C60646306BE4,
					2CBED0F984A79B10CB36A6C3,
					5E4239C90D4F6354B02A78F4,
					E626DD2D1DA1225AEC1B78A0,
					F22AC312CCC9034D4FF8CCC8,
					274B91BA85E36D84E8ABC792,
					B9669A390E4C34647C563FDB,
					037A9517F310E7514BF89662,
					F635EB3D81ADF69324161A07,
					30D80A86F323FED8EF6E3D11, ); name = "Juce Library Code"; sourceTree = "<group>"; };
		7F848E4AA72A63DE9F567870 = {isa = PBXGroup; children = (
					81EC22B59749947CBC764A80,
					243D0AA0A65E1A30358A9129, ); name = Resources; sourceTree = "<group>"; };
		7E813924B4FE6F24943A7C81 = {isa = PBXGroup; children = (
					EA4C957742D7352267DFCBAF,
					BDB1E953657542EAD42CAB12,
					EE38846F1B635FA67E230A23,
					6F4985F3DBB804058DFC374F,
					FB26705F8DD627A579B7EEFF,
					03E699911F39BF0C9C5B8998,
					8618456E1570C6633C9083F4,
					66F3B59A13EBCFF41FE66F4D,
					890295C1359BD4539E53FAEA,
					56D2D9E55C21419E80A77008, ); name = Frameworks; sourceTree = "<group>"; };
		48D50DBF4E7CFC49001A7AED = {isa = PBXGroup; children = (
					D8B18071E6DE10E26A5ECC8F, ); name = Products; sourceTree = "<group>"; };
		CC6BF069701631C315A2C0AF = {isa = PBXGroup; children = (
					E5DF230FA943CF4AA702B476,
					98D0E0B4CBE88ED0447AB9D6,
					70D05D79B206721B1A9E5C46,
					7F848E4AA72A63DE9F567870,
					7E813924B4FE6F24943A7C81,
					48D50DBF4E7CFC49001A7AED, ); name = Source; sourceTree = "<group>"; };
		2BB6009E69D40381C8E7BDF7 = {isa = XCBuildConfiguration; buildSettings = {
				CLANG_CXX_LANGUAGE_STANDARD = "c++0x";
				CLANG_LINK_OBJC_RUNTIME = NO;
				COMBINE_HIDPI_IMAGES = YES;
				CONFIGURATION_BUILD_DIR = "$(PROJECT_DIR)/build/$(CONFIGURATION)";
				COPY_PHASE_STRIP = NO;
				GCC_DYNAMIC_NO_PIC = NO;
				GCC_FAST_MATH = YES;
				GCC_OPTIMIZATION_LEVEL = 0;
				GCC_PREPROCESSOR_DEFINITIONS = (
					"_DEBUG=1",
					"DEBUG=1",
					"JUCER_XCODE_MAC_F6D2F4CF=1",
					"JUCE_APP_VERSION=0.1.0",
					"JUCE_APP_VERSION_HEX=0x100",
					"JucePlugin_Build_VST=0",
					"JucePlugin_Build_VST3=0",
					"JucePlugin_Build_AU=0",
					"JucePlugin_Build_AUv3=0",
					"JucePlugin_Build_RTAS=0",
					"JucePlugin_Build_AAX=0",
					"JucePlugin_Build_Standalone=0", );
				GCC_VERSION = com.apple.compilers.llvm.clang.1_0;
				HEADER_SEARCH_PATHS = ("../../JuceLibraryCode", "../../JuceLibraryCode/modules", "/juce_audio_plugin_client", "$(inherited)");
				INFOPLIST_FILE = Info-App.plist;
				INSTALL_PATH = "$(HOME)/Applications";
				MACOSX_DEPLOYMENT_TARGET = 10.11;
				MACOSX_DEPLOYMENT_TARGET_ppc = 10.4;
				PRODUCT_BUNDLE_IDENTIFIER = com.uwyn.HEELP;
				SDKROOT_ppc = macosx10.5; }; name = Debug; };
		7498AFD233A31AA7D7EECB0D = {isa = XCBuildConfiguration; buildSettings = {
				CLANG_CXX_LANGUAGE_STANDARD = "c++0x";
				CLANG_LINK_OBJC_RUNTIME = NO;
				COMBINE_HIDPI_IMAGES = YES;
				CONFIGURATION_BUILD_DIR = "$(PROJECT_DIR)/build/$(CONFIGURATION)";
				DEAD_CODE_STRIPPING = YES;
				GCC_FAST_MATH = YES;
				GCC_GENERATE_DEBUGGING_SYMBOLS = NO;
				GCC_OPTIMIZATION_LEVEL = fast;
				GCC_PREPROCESSOR_DEFINITIONS = (
					"_NDEBUG=1",
					"NDEBUG=1",
					"JUCER_XCODE_MAC_F6D2F4CF=1",
					"JUCE_APP_VERSION=0.1.0",
					"JUCE_APP_VERSION_HEX=0x100",
					"JucePlugin_Build_VST=0",
					"JucePlugin_Build_VST3=0",
					"JucePlugin_Build_AU=0",
					"JucePlugin_Build_AUv3=0",
					"JucePlugin_Build_RTAS=0",
					"JucePlugin_Build_AAX=0",
					"JucePlugin_Build_Standalone=0", );
				GCC_SYMBOLS_PRIVATE_EXTERN = YES;
				GCC_VERSION = com.apple.compilers.llvm.clang.1_0;
				HEADER_SEARCH_PATHS = ("../../JuceLibraryCode", "../../JuceLibraryCode/modules", "/juce_audio_plugin_client", "$(inherited)");
				INFOPLIST_FILE = Info-App.plist;
				INSTALL_PATH = "$(HOME)/Applications";
				LLVM_LTO = YES;
				MACOSX_DEPLOYMENT_TARGET = 10.11;
				MACOSX_DEPLOYMENT_TARGET_ppc = 10.4;
				PRODUCT_BUNDLE_IDENTIFIER = com.uwyn.HEELP;
				SDKROOT_ppc = macosx10.5; }; name = Release; };
		3F512AAFA1C8AC267EF9DAC2 = {isa = XCBuildConfiguration; buildSettings = {
				ALWAYS_SEARCH_USER_PATHS = NO;
				DEBUG_INFORMATION_FORMAT = "dwarf";
				ENABLE_TESTABILITY = YES;
				GCC_C_LANGUAGE_STANDARD = c11;
				GCC_INLINES_ARE_PRIVATE_EXTERN = YES;
				GCC_MODEL_TUNING = G5;
				GCC_WARN_ABOUT_RETURN_TYPE = YES;
				GCC_WARN_CHECK_SWITCH_STATEMENTS = YES;
				GCC_WARN_MISSING_PARENTHESES = YES;
				GCC_WARN_NON_VIRTUAL_DESTRUCTOR = YES;
				GCC_WARN_TYPECHECK_CALLS_TO_PRINTF = YES;
				GCC_WARN_UNUSED_VARIABLE = YES;
				ONLY_ACTIVE_ARCH = YES;
				PRODUCT_NAME = "HEELP";
				WARNING_CFLAGS = -Wreorder;
				ZERO_LINK = NO; }; name = Debug; };
		80868711BE88A3E5B70D67A0 = {isa = XCBuildConfiguration; buildSettings = {
				ALWAYS_SEARCH_USER_PATHS = NO;
				DEBUG_INFORMATION_FORMAT = "dwarf";
				GCC_C_LANGUAGE_STANDARD = c11;
				GCC_INLINES_ARE_PRIVATE_EXTERN = YES;
				GCC_MODEL_TUNING = G5;
				GCC_WARN_ABOUT_RETURN_TYPE = YES;
				GCC_WARN_CHECK_SWITCH_STATEMENTS = YES;
				GCC_WARN_MISSING_PARENTHESES = YES;
				GCC_WARN_NON_VIRTUAL_DESTRUCTOR = YES;
				GCC_WARN_TYPECHECK_CALLS_TO_PRINTF = YES;
				GCC_WARN_UNUSED_VARIABLE = YES;
				PRODUCT_NAME = "HEELP";
				WARNING_CFLAGS = -Wreorder;
				ZERO_LINK = NO; }; name = Release; };
		ACA6E59453A5D51D8CF7671F = {isa = PBXTargetDependency; target = 22F1E321A8FEE3FF3C0DA790; };
		CAD1EA540143C64BE75270B5 = {isa = XCConfigurationList; buildConfigurations = (
					3F512AAFA1C8AC267EF9DAC2,
					80868711BE88A3E5B70D67A0, ); defaultConfigurationIsVisible = 0; defaultConfigurationName = Debug; };
		B3ADB6A651F46FF8E1319FD5 = {isa = XCConfigurationList; buildConfigurations = (
					2BB6009E69D40381C8E7BDF7,
					7498AFD233A31AA7D7EECB0D, ); defaultConfigurationIsVisible = 0; defaultConfigurationName = Debug; };
		B9DBDEE26F764D4A67609236 = {isa = PBXResourcesBuildPhase; buildActionMask = 2147483647; files = (
					977B8714A2CCB36D3482063D, ); runOnlyForDeploymentPostprocessing = 0; };
		EEE745AB66658ABC28C5A232 = {isa = PBXSourcesBuildPhase; buildActionMask = 2147483647; files = (
					6B7757F8BD0FCEA0BEE51F01,
					EA49CA9698A11D42A799E35F,
					10B0CC26CD32A6C212DD0684,
					C5A8A1215F464E6404832E5E,
					6CBE4CABE77F4A1A23D7D756,
					2FFD1E1A452CB9B4F3ED5A14,
					63076224207B8552713B285E,
					723F5B25AEFCC604EFF5627C,
					6678E3A0CA10A86EE1E166C8,
					8F4E7033083977B4C8126FE0,
					3335ADE478F61A44B039CFF3,
					290B124EBC2634F5A88722D2,
					E5EA1B61095A8DA812860C53,
					A5F679ADA686C7C973B625BF,
					99CA4CE86ABE4266A9373876,
					189C979F354DB8919BE42084,
					6209081E9DF9FBA0A2BA8F42,
					10D3EC49B75B3E52368A764A,
					280F7E949D18E40210499B1F,
					5E0F0AE396883A0E1BE3A28A,
					13BD14E90057B852BCC9352B,
					3ACF9A84FEB385D2A3640FD3,
					285C948F29D9656CD4C51AF3,
					FDE7D48A8616561AA29EEE33,
					C6DD5701CE5AC91DE8408ED8,
					8C6B11A93F16486EED0D3C0C,
					05958AC60294C1CA8B75833D,
					5ABCE92536A0DC41B9A1A4BB,
					5A6B75D7813E513385463545,
					9470839A56CCCC4C6F97DF28,
					EF18BC81D13C5C9860C2DAC9,
					6B9694B3C791CBF4B126A382,
					CAF4E892558BFB3DBA1694A2,
					506CC5448EC5FEBF64E4335C,
					BC6A900A74A8816339EDC48F,
					06FFFED5A95205B4133A54DC,
					E580E87FB41533BD53CDB312,
					F775F7416DC70F4298996AE7, ); runOnlyForDeploymentPostprocessing = 0; };
		1B8C1D428480958075176F6F = {isa = PBXFrameworksBuildPhase; buildActionMask = 2147483647; files = (
					AC20758BC96C03F5E7425EA4,
					C87798DEA965D0D8C8E92E0F,
					89DAD2E555C285AA1C1EA9DF,
					4A0A9F506417A19EAEBA5668,
					2FB465CF562DFD89A26AB7B6,
					D8D8D8CE4489F183EE94CF76,
					1B6DFD6EA71DAD36B8626C0F,
					8422E582F6C94ADC6F0CA6EC,
					809F24B504DA512C7DA3B4EC,
					124819493C7B11BD19F99F2F, ); runOnlyForDeploymentPostprocessing = 0; };
		22F1E321A8FEE3FF3C0DA790 = {isa = PBXNativeTarget; buildConfigurationList = B3ADB6A651F46FF8E1319FD5; buildPhases = (
					B9DBDEE26F764D4A67609236,
					EEE745AB66658ABC28C5A232,
					1B8C1D428480958075176F6F, ); buildRules = ( ); dependencies = (  ); name = "HEELP - App"; productName = HEELP; productReference = D8B18071E6DE10E26A5ECC8F; productType = "com.apple.product-type.application"; };
		88453455386C55E44E7E2C6D = {isa = PBXProject; buildConfigurationList = CAD1EA540143C64BE75270B5; attributes = { LastUpgradeCheck = 0830; TargetAttributes = { 22F1E321A8FEE3FF3C0DA790 = { SystemCapabilities = {com.apple.InAppPurchase = { enabled = 0; }; com.apple.InterAppAudio = { enabled = 0; }; com.apple.Sandbox = { enabled = 0; }; }; }; }; }; compatibilityVersion = "Xcode 3.2"; hasScannedForEncodings = 0; mainGroup = CC6BF069701631C315A2C0AF; projectDirPath = ""; projectRoot = ""; targets = (22F1E321A8FEE3FF3C0DA790); };
	};
	rootObject = 88453455386C55E44E7E2C6D;
}
